<?xml version="1.0" encoding="utf-8"?>
<Project ToolsVersion="4.0" xmlns="http://schemas.microsoft.com/developer/msbuild/2003">
  <ItemGroup>
    <Filter Include="Source Files">
      <UniqueIdentifier>{4FC737F1-C7A5-4376-A066-2A32D752A2FF}</UniqueIdentifier>
      <Extensions>cpp;c;cc;cxx;def;odl;idl;hpj;bat;asm;asmx</Extensions>
    </Filter>
    <Filter Include="Resource Files">
      <UniqueIdentifier>{D9D6E242-F8AF-46E4-B9FD-80ECBC20BA3E}</UniqueIdentifier>
      <Extensions>qrc;*</Extensions>
      <ParseFiles>false</ParseFiles>
    </Filter>
    <Filter Include="Form Files">
      <UniqueIdentifier>{99349809-55BA-4b9d-BF79-8FDBB0286EB3}</UniqueIdentifier>
      <Extensions>ui</Extensions>
    </Filter>
    <Filter Include="Resource Files">
      <UniqueIdentifier>{D9D6E242-F8AF-46E4-B9FD-80ECBC20BA3E}</UniqueIdentifier>
      <Extensions>qrc;*</Extensions>
      <ParseFiles>false</ParseFiles>
    </Filter>
    <Filter Include="Generated Files">
      <UniqueIdentifier>{71ED8ED8-ACB9-4CE9-BBE1-E00B30144E11}</UniqueIdentifier>
      <Extensions>moc;h;cpp</Extensions>
      <SourceControlFiles>False</SourceControlFiles>
    </Filter>
    <Filter Include="Source Files\qtiff">
      <UniqueIdentifier>{b83d6235-478c-442b-a5fe-d765955a563a}</UniqueIdentifier>
    </Filter>
    <Filter Include="Source Files\qpsd">
      <UniqueIdentifier>{e5c2725e-929c-468c-9555-164fc2aec3b5}</UniqueIdentifier>
    </Filter>
  </ItemGroup>
  <ItemGroup>
    <ClCompile Include="main.cpp">
      <Filter>Source Files</Filter>
    </ClCompile>
    <ClCompile Include="PhotoManagerWindow.cpp">
      <Filter>Source Files</Filter>
    </ClCompile>
    <ClCompile Include="ImageViewerWidget.cpp">
      <Filter>Source Files</Filter>
    </ClCompile>
    <ClCompile Include="ImageProcessor.cpp">
      <Filter>Source Files</Filter>
    </ClCompile>
    <ClCompile Include="ImageProcessorWorker.cpp">
      <Filter>Source Files</Filter>
    </ClCompile>
    <ClCompile Include="Image.cpp">
      <Filter>Source Files</Filter>
    </ClCompile>
    <ClCompile Include="MetadataReader.cpp">
      <Filter>Source Files</Filter>
    </ClCompile>
    <ClCompile Include="MetadataCollection.cpp">
      <Filter>Source Files</Filter>
    </ClCompile>
    <ClCompile Include="ImageFileList.cpp">
      <Filter>Source Files</Filter>
    </ClCompile>
    <ClCompile Include="MarkerFile.cpp">
      <Filter>Source Files</Filter>
    </ClCompile>
    <ClCompile Include="Settings.cpp">
      <Filter>Source Files</Filter>
    </ClCompile>
    <ClCompile Include="..\..\include\qtiff\qtiffhandler.cpp">
      <Filter>Source Files\qtiff</Filter>
    </ClCompile>
    <ClCompile Include="..\..\modules\libqpsd\qpsdhandler.cpp">
      <Filter>Source Files\qpsd</Filter>
    </ClCompile>
    <ClCompile Include="..\..\modules\libqpsd\qpsdhandler_p.cpp">
      <Filter>Source Files\qpsd</Filter>
    </ClCompile>
  </ItemGroup>
  <ItemGroup>
    <QtUic Include="PhotoManagerWindow.ui">
      <Filter>Form Files</Filter>
    </QtUic>
    <QtRcc Include="PhotoManagerWindow.qrc">
      <Filter>Resource Files</Filter>
    </QtRcc>
    <QtMoc Include="PhotoManagerWindow.h">
      <Filter>Source Files</Filter>
    </QtMoc>
    <QtMoc Include="ImageViewerWidget.h">
      <Filter>Source Files</Filter>
    </QtMoc>
    <QtMoc Include="ImageProcessorWorker.h">
      <Filter>Source Files</Filter>
    </QtMoc>
    <QtMoc Include="ImageProcessor.h">
      <Filter>Source Files</Filter>
    </QtMoc>
    <QtMoc Include="ImageFileList.h">
      <Filter>Source Files</Filter>
    </QtMoc>
  </ItemGroup>
  <ItemGroup>
    <ClInclude Include="GeneratedFiles\ui_PhotoManagerWindow.h">
      <Filter>Generated Files</Filter>
    </ClInclude>
    <ClInclude Include="Image.h">
      <Filter>Source Files</Filter>
    </ClInclude>
    <ClInclude Include="MetadataReader.h">
      <Filter>Source Files</Filter>
    </ClInclude>
    <ClInclude Include="MetadataItem.h">
      <Filter>Source Files</Filter>
    </ClInclude>
    <ClInclude Include="MetadataCollection.h">
      <Filter>Source Files</Filter>
    </ClInclude>
    <ClInclude Include="MarkerFile.h">
      <Filter>Source Files</Filter>
    </ClInclude>
    <ClInclude Include="MarkerType.h">
      <Filter>Source Files</Filter>
    </ClInclude>
    <ClInclude Include="Settings.h">
      <Filter>Source Files</Filter>
    </ClInclude>
    <ClInclude Include="..\..\include\qtiff\qtiffhandler.h">
      <Filter>Source Files\qtiff</Filter>
    </ClInclude>
    <ClInclude Include="..\..\modules\libqpsd\qpsdhandler.h">
      <Filter>Source Files\qpsd</Filter>
    </ClInclude>
  </ItemGroup>
  <ItemGroup>
    <ResourceCompile Include="PhotoManager.rc">
      <Filter>Resource Files</Filter>
    </ResourceCompile>
  </ItemGroup>
</Project>